
Microsoft Visual Studio Solution File, Format Version 12.00
# Visual Studio Version 16
VisualStudioVersion = 16.0.32929.386
MinimumVisualStudioVersion = 10.0.40219.1
Project("{FAE04EC0-301F-11D3-BF4B-00C04F79EFBC}") = "Ajanda", "Ajanda.csproj", "{069A4074-26DC-4096-9C83-3B66D206994A}"
EndProject
Project("{FAE04EC0-301F-11D3-BF4B-00C04F79EFBC}") = "Bildirim", "..\Bildirim\Bildirim.csproj", "{7E84C8EE-09A6-42CC-9B09-91356F771F8D}"
EndProject
Global
	GlobalSection(SolutionConfigurationPlatforms) = preSolution
		Debug|Any CPU = Debug|Any CPU
		Release|Any CPU = Release|Any CPU
	EndGlobalSection
	GlobalSection(ProjectConfigurationPlatforms) = postSolution
		{069A4074-26DC-4096-9C83-3B66D206994A}.Debug|Any CPU.ActiveCfg = Debug|Any CPU
		{069A4074-26DC-4096-9C83-3B66D206994A}.Debug|Any CPU.Build.0 = Debug|Any CPU
		{069A4074-26DC-4096-9C83-3B66D206994A}.Release|Any CPU.ActiveCfg = Release|Any CPU
		{069A4074-26DC-4096-9C83-3B66D206994A}.Release|Any CPU.Build.0 = Release|Any CPU
		{7E84C8EE-09A6-42CC-9B09-91356F771F8D}.Debug|Any CPU.ActiveCfg = Debug|Any CPU
		{7E84C8EE-09A6-42CC-9B09-91356F771F8D}.Debug|Any CPU.Build.0 = Debug|Any CPU
		{7E84C8EE-09A6-42CC-9B09-91356F771F8D}.Release|Any CPU.ActiveCfg = Release|Any CPU
		{7E84C8EE-09A6-42CC-9B09-91356F771F8D}.Release|Any CPU.Build.0 = Release|Any CPU
	EndGlobalSection
	GlobalSection(SolutionProperties) = preSolution
		HideSolutionNode = FALSE
	EndGlobalSection
	GlobalSection(ExtensibilityGlobals) = postSolution
		SolutionGuid = {98CE8B6E-7ECA-4A83-A043-A458F359FE1C}
	EndGlobalSection
EndGlobal
